version: 1.0
shards:
  amethyst:
    github: Codcore/amethyst
    commit: ad53218cf362e46b3236c68ffb08fc6840404962

  artanis:
    github: ysbaddaden/artanis
    commit: 33898ea89306796e9ec93588aa4f03b3521da3e0

  beryl:
    github: luislavena/crystal-beryl
    commit: b9a590a03fdb0ea344bc8bf8dd3a518e2ecdbd5f

  mime:
    github: spalger/crystal-mime
    commit: bb69613b93dd059f68d1b508a31f83ca6c8eaace

  minitest:
    github: ysbaddaden/minitest.cr
    commit: 47202b74aa97e415be1ae5d7b19de472b66aee2b

  routing:
    github: benoist/crystal-routing
    commit: 367abba2af4bd5e87f276b27d800a8f667a1dbf5

