version: 1.0
shards:
  amethyst:
    github: Codcore/amethyst
    commit: 0a54e305e8100b04242f7e873c96950d0eee3567

  artanis:
    github: ysbaddaden/artanis
    commit: 00517466b8264e8c1d7d8244fefa3027f8b5775b

  kemal:
    github: kemalcr/kemal
    commit: 79ef2f30f7969dd12e591ad112149b208fae4940

  mime:
    github: spalger/crystal-mime
    commit: bb69613b93dd059f68d1b508a31f83ca6c8eaace

  minitest:
    github: ysbaddaden/minitest.cr
    commit: 47202b74aa97e415be1ae5d7b19de472b66aee2b

